dependencies:
- name: bb-common
  repository: oci://registry1.dso.mil/bigbang
  version: 0.14.0
- name: gluon
  repository: oci://registry1.dso.mil/bigbang
  version: 0.9.8
- name: kiali-operator
  repository: https://kiali.org/helm-charts/
  version: 2.22.0
digest: sha256:721945f7d7fe306395003ae634522da74b73ac596ed0ea675c5fa177e4015a0f
generated: "2026-02-17T15:06:23.748924037Z"
