dependencies:
- name: bb-common
  repository: oci://registry1.dso.mil/bigbang
  version: 0.3.1
- name: gluon
  repository: oci://registry1.dso.mil/bigbang
  version: 0.6.3
- name: kiali-operator
  repository: https://kiali.org/helm-charts/
  version: 2.12.0
digest: sha256:a034d10da655a2557d7f34df9b01886c42e3065a52f26ed09f4c04352dcb0c64
generated: "2025-07-22T09:43:35.79397-04:00"
