dependencies:
- name: bb-common
  repository: oci://registry1.dso.mil/bigbang
  version: 0.10.0
- name: gluon
  repository: oci://registry1.dso.mil/bigbang
  version: 0.9.3
- name: kiali-operator
  repository: https://kiali.org/helm-charts/
  version: 2.17.0
digest: sha256:6deb49ea408c3e99f2486a36f6198cf28516e58a1faaaea4d8a8f88a1e08d227
generated: "2025-10-31T15:49:25.508569949-05:00"
